Microsoft Visual Studio Solution File, Format Version 11.00
# Visual Studio 2008

Project("{21BD531F-1E5D-1D94-0B9A-DF303C1A00B6}") = "Platformer2.0", "Assembly-CSharp.csproj", "{22BF5BAF-D8A7-7977-08FA-F1A553F17EB7}"
EndProject
Global
	GlobalSection(SolutionConfigurationPlatforms) = preSolution
		Debug|Any CPU = Debug|Any CPU
		Release|Any CPU = Release|Any CPU
	EndGlobalSection
	GlobalSection(ProjectConfigurationPlatforms) = postSolution
		{22BF5BAF-D8A7-7977-08FA-F1A553F17EB7}.Debug|Any CPU.ActiveCfg = Debug|Any CPU
		{22BF5BAF-D8A7-7977-08FA-F1A553F17EB7}.Debug|Any CPU.Build.0 = Debug|Any CPU
		{22BF5BAF-D8A7-7977-08FA-F1A553F17EB7}.Release|Any CPU.ActiveCfg = Release|Any CPU
		{22BF5BAF-D8A7-7977-08FA-F1A553F17EB7}.Release|Any CPU.Build.0 = Release|Any CPU
	EndGlobalSection
	GlobalSection(SolutionProperties) = preSolution
		HideSolutionNode = FALSE
	EndGlobalSection
	GlobalSection(MonoDevelopProperties) = preSolution
		StartupItem = Assembly-CSharp.csproj
	EndGlobalSection
EndGlobal
